
Microsoft Visual Studio Solution File, Format Version 12.00
# Visual Studio Version 17
VisualStudioVersion = 17.6.33815.320
MinimumVisualStudioVersion = 10.0.40219.1
Project("{FAE04EC0-301F-11D3-BF4B-00C04F79EFBC}") = "App1", "App1\App1.csproj", "{989677C0-F965-447A-9D5B-6DECB7F29A13}"
EndProject
Project("{2150E333-8FDC-42A3-9474-1A3956D46DE8}") = "Solution Items", "Solution Items", "{7C41F217-7A90-4668-8B9B-2963AF69D6DE}"
	ProjectSection(SolutionItems) = preProject
		.editorconfig = .editorconfig
	EndProjectSection
EndProject
Global
	GlobalSection(SolutionConfigurationPlatforms) = preSolution
		Debug|Any CPU = Debug|Any CPU
		Release|Any CPU = Release|Any CPU
	EndGlobalSection
	GlobalSection(ProjectConfigurationPlatforms) = postSolution
		{989677C0-F965-447A-9D5B-6DECB7F29A13}.Debug|Any CPU.ActiveCfg = Debug|Any CPU
		{989677C0-F965-447A-9D5B-6DECB7F29A13}.Debug|Any CPU.Build.0 = Debug|Any CPU
		{989677C0-F965-447A-9D5B-6DECB7F29A13}.Release|Any CPU.ActiveCfg = Release|Any CPU
		{989677C0-F965-447A-9D5B-6DECB7F29A13}.Release|Any CPU.Build.0 = Release|Any CPU
	EndGlobalSection
	GlobalSection(SolutionProperties) = preSolution
		HideSolutionNode = FALSE
	EndGlobalSection
	GlobalSection(ExtensibilityGlobals) = postSolution
		SolutionGuid = {B67D7D35-4B8B-4C2E-96C3-0912DADE4E17}
	EndGlobalSection
EndGlobal
